// !$*UTF8*$!
{
	archiveVersion = 1;
	classes = {
	};
	objectVersion = 56;
	objects = {

/* Begin PBXBuildFile section */
		2221F7E92B83F42F0056A1E2 /* AppDelegate.swift in Sources */ = {isa = PBXBuildFile; fileRef = 2221F7E82B83F42F0056A1E2 /* AppDelegate.swift */; };
		2221F7EB2B83F42F0056A1E2 /* SceneDelegate.swift in Sources */ = {isa = PBXBuildFile; fileRef = 2221F7EA2B83F42F0056A1E2 /* SceneDelegate.swift */; };
		2221F7ED2B83F42F0056A1E2 /* SHA_STORY.swift in Sources */ = {isa = PBXBuildFile; fileRef = 2221F7EC2B83F42F0056A1E2 /* SHA_STORY.swift */; };
		2221F7F02B83F42F0056A1E2 /* Main.storyboard in Resources */ = {isa = PBXBuildFile; fileRef = 2221F7EE2B83F42F0056A1E2 /* Main.storyboard */; };
		2221F7F22B83F4300056A1E2 /* Assets.xcassets in Resources */ = {isa = PBXBuildFile; fileRef = 2221F7F12B83F4300056A1E2 /* Assets.xcassets */; };
		2221F7F52B83F4300056A1E2 /* LaunchScreen.storyboard in Resources */ = {isa = PBXBuildFile; fileRef = 2221F7F32B83F4300056A1E2 /* LaunchScreen.storyboard */; };
		2221F8002B83F4300056A1E2 /* SHA_STORYTests.swift in Sources */ = {isa = PBXBuildFile; fileRef = 2221F7FF2B83F4300056A1E2 /* SHA_STORYTests.swift */; };
		2221F80A2B83F4300056A1E2 /* SHA_STORYUITests.swift in Sources */ = {isa = PBXBuildFile; fileRef = 2221F8092B83F4300056A1E2 /* SHA_STORYUITests.swift */; };
		2221F80C2B83F4300056A1E2 /* SHA_STORYUITestsLaunchTests.swift in Sources */ = {isa = PBXBuildFile; fileRef = 2221F80B2B83F4300056A1E2 /* SHA_STORYUITestsLaunchTests.swift */; };
		2C0C436B2BC986260069D6D8 /* TableBookingVC.swift in Sources */ = {isa = PBXBuildFile; fileRef = 2C0C436A2BC986260069D6D8 /* TableBookingVC.swift */; };
		320594F92B87042E00650A92 /* AnimatedGradientView in Frameworks */ = {isa = PBXBuildFile; productRef = 320594F82B87042E00650A92 /* AnimatedGradientView */; };
		320BC7272BC7B728000626DD /* LoginVC.swift in Sources */ = {isa = PBXBuildFile; fileRef = 320BC7262BC7B728000626DD /* LoginVC.swift */; };
		320BC7292BCA09F1000626DD /* Restaurant.dae in Resources */ = {isa = PBXBuildFile; fileRef = 320BC7282BCA09F1000626DD /* Restaurant.dae */; };
		325DC72A2BCC98CB00D09805 /* FirebaseAnalytics in Frameworks */ = {isa = PBXBuildFile; productRef = 325DC7292BCC98CB00D09805 /* FirebaseAnalytics */; };
		325DC72C2BCC98CB00D09805 /* FirebaseAnalyticsOnDeviceConversion in Frameworks */ = {isa = PBXBuildFile; productRef = 325DC72B2BCC98CB00D09805 /* FirebaseAnalyticsOnDeviceConversion */; };
		325DC72E2BCC98CB00D09805 /* FirebaseAnalyticsSwift in Frameworks */ = {isa = PBXBuildFile; productRef = 325DC72D2BCC98CB00D09805 /* FirebaseAnalyticsSwift */; };
		325DC7302BCC98CB00D09805 /* FirebaseAnalyticsWithoutAdIdSupport in Frameworks */ = {isa = PBXBuildFile; productRef = 325DC72F2BCC98CB00D09805 /* FirebaseAnalyticsWithoutAdIdSupport */; };
		325DC7322BCC98CB00D09805 /* FirebaseAppCheck in Frameworks */ = {isa = PBXBuildFile; productRef = 325DC7312BCC98CB00D09805 /* FirebaseAppCheck */; };
		325DC7342BCC98CB00D09805 /* FirebaseAppDistribution-Beta in Frameworks */ = {isa = PBXBuildFile; productRef = 325DC7332BCC98CB00D09805 /* FirebaseAppDistribution-Beta */; };
		325DC7362BCC98CB00D09805 /* FirebaseAuth in Frameworks */ = {isa = PBXBuildFile; productRef = 325DC7352BCC98CB00D09805 /* FirebaseAuth */; };
		325DC7382BCC98CB00D09805 /* FirebaseAuthCombine-Community in Frameworks */ = {isa = PBXBuildFile; productRef = 325DC7372BCC98CB00D09805 /* FirebaseAuthCombine-Community */; };
		325DC73A2BCC98CB00D09805 /* FirebaseCrashlytics in Frameworks */ = {isa = PBXBuildFile; productRef = 325DC7392BCC98CB00D09805 /* FirebaseCrashlytics */; };
		325DC73C2BCC98CB00D09805 /* FirebaseDatabase in Frameworks */ = {isa = PBXBuildFile; productRef = 325DC73B2BCC98CB00D09805 /* FirebaseDatabase */; };
		325DC73E2BCC98CB00D09805 /* FirebaseDatabaseSwift in Frameworks */ = {isa = PBXBuildFile; productRef = 325DC73D2BCC98CB00D09805 /* FirebaseDatabaseSwift */; };
		325DC7402BCC98CB00D09805 /* FirebaseDynamicLinks in Frameworks */ = {isa = PBXBuildFile; productRef = 325DC73F2BCC98CB00D09805 /* FirebaseDynamicLinks */; };
		325DC7422BCC98CB00D09805 /* FirebaseFirestore in Frameworks */ = {isa = PBXBuildFile; productRef = 325DC7412BCC98CB00D09805 /* FirebaseFirestore */; };
		325DC7442BCC98CB00D09805 /* FirebaseFirestoreCombine-Community in Frameworks */ = {isa = PBXBuildFile; productRef = 325DC7432BCC98CB00D09805 /* FirebaseFirestoreCombine-Community */; };
		325DC7462BCC98CB00D09805 /* FirebaseFirestoreSwift in Frameworks */ = {isa = PBXBuildFile; productRef = 325DC7452BCC98CB00D09805 /* FirebaseFirestoreSwift */; };
		325DC7482BCC98CB00D09805 /* FirebaseFunctions in Frameworks */ = {isa = PBXBuildFile; productRef = 325DC7472BCC98CB00D09805 /* FirebaseFunctions */; };
		325DC74A2BCC98CB00D09805 /* FirebaseFunctionsCombine-Community in Frameworks */ = {isa = PBXBuildFile; productRef = 325DC7492BCC98CB00D09805 /* FirebaseFunctionsCombine-Community */; };
		325DC74C2BCC98CB00D09805 /* FirebaseInAppMessaging-Beta in Frameworks */ = {isa = PBXBuildFile; productRef = 325DC74B2BCC98CB00D09805 /* FirebaseInAppMessaging-Beta */; };
		325DC74E2BCC98CB00D09805 /* FirebaseInAppMessagingSwift-Beta in Frameworks */ = {isa = PBXBuildFile; productRef = 325DC74D2BCC98CB00D09805 /* FirebaseInAppMessagingSwift-Beta */; };
		325DC7502BCC98CB00D09805 /* FirebaseInstallations in Frameworks */ = {isa = PBXBuildFile; productRef = 325DC74F2BCC98CB00D09805 /* FirebaseInstallations */; };
		325DC7522BCC98CB00D09805 /* FirebaseMLModelDownloader in Frameworks */ = {isa = PBXBuildFile; productRef = 325DC7512BCC98CB00D09805 /* FirebaseMLModelDownloader */; };
		325DC7542BCC98CB00D09805 /* FirebaseMessaging in Frameworks */ = {isa = PBXBuildFile; productRef = 325DC7532BCC98CB00D09805 /* FirebaseMessaging */; };
		325DC7562BCC98CB00D09805 /* FirebasePerformance in Frameworks */ = {isa = PBXBuildFile; productRef = 325DC7552BCC98CB00D09805 /* FirebasePerformance */; };
		325DC7582BCC98CB00D09805 /* FirebaseRemoteConfig in Frameworks */ = {isa = PBXBuildFile; productRef = 325DC7572BCC98CB00D09805 /* FirebaseRemoteConfig */; };
		325DC75A2BCC98CB00D09805 /* FirebaseRemoteConfigSwift in Frameworks */ = {isa = PBXBuildFile; productRef = 325DC7592BCC98CB00D09805 /* FirebaseRemoteConfigSwift */; };
		325DC75C2BCC98CB00D09805 /* FirebaseStorage in Frameworks */ = {isa = PBXBuildFile; productRef = 325DC75B2BCC98CB00D09805 /* FirebaseStorage */; };
		325DC75E2BCC98CB00D09805 /* FirebaseStorageCombine-Community in Frameworks */ = {isa = PBXBuildFile; productRef = 325DC75D2BCC98CB00D09805 /* FirebaseStorageCombine-Community */; };
		325DC7612BCF15A400D09805 /* FoodCategoryCell.swift in Sources */ = {isa = PBXBuildFile; fileRef = 325DC75F2BCF15A400D09805 /* FoodCategoryCell.swift */; };
		325DC7642BD0C59800D09805 /* FoodItemModel.swift in Sources */ = {isa = PBXBuildFile; fileRef = 325DC7632BD0C59800D09805 /* FoodItemModel.swift */; };
		325DC7672BD0EE4C00D09805 /* SDWebImage in Frameworks */ = {isa = PBXBuildFile; productRef = 325DC7662BD0EE4C00D09805 /* SDWebImage */; };
		325DC7692BD0EE4C00D09805 /* SDWebImageMapKit in Frameworks */ = {isa = PBXBuildFile; productRef = 325DC7682BD0EE4C00D09805 /* SDWebImageMapKit */; };
		325DC76B2BD0F33500D09805 /* headerCell.swift in Sources */ = {isa = PBXBuildFile; fileRef = 325DC76A2BD0F33500D09805 /* headerCell.swift */; };
		325DC76D2BD1709100D09805 /* FoodItemDetailVC.swift in Sources */ = {isa = PBXBuildFile; fileRef = 325DC76C2BD1709100D09805 /* FoodItemDetailVC.swift */; };
		328D840C2BCB2400003E1B87 /* restaurantLayout2.usdz in Resources */ = {isa = PBXBuildFile; fileRef = 328D840B2BCB2400003E1B87 /* restaurantLayout2.usdz */; };
		328D840E2BCB2638003E1B87 /* cafe_interior.usdz in Resources */ = {isa = PBXBuildFile; fileRef = 328D840D2BCB2637003E1B87 /* cafe_interior.usdz */; };
		328D84102BCB2795003E1B87 /* restaurant3.usdz in Resources */ = {isa = PBXBuildFile; fileRef = 328D840F2BCB2795003E1B87 /* restaurant3.usdz */; };
		328D84152BCB8454003E1B87 /* HomeVC.swift in Sources */ = {isa = PBXBuildFile; fileRef = 328D84142BCB8454003E1B87 /* HomeVC.swift */; };
		328D84172BCC793F003E1B87 /* RegistrationVC.swift in Sources */ = {isa = PBXBuildFile; fileRef = 328D84162BCC793F003E1B87 /* RegistrationVC.swift */; };
		32B7D12C2BCA211F00A9F2E2 /* Market_Table.usdz in Resources */ = {isa = PBXBuildFile; fileRef = 32B7D12B2BCA211F00A9F2E2 /* Market_Table.usdz */; };
		32B7D12E2BCA222600A9F2E2 /* room.usdz in Resources */ = {isa = PBXBuildFile; fileRef = 32B7D12D2BCA222600A9F2E2 /* room.usdz */; };
		32C006BD2B9BCB3A0037AD31 /* GoogleService-Info.plist in Resources */ = {isa = PBXBuildFile; fileRef = 32C006BC2B9BCB3A0037AD31 /* GoogleService-Info.plist */; };
		32DDD7262BB51EBD00827EAA /* Eureka in Frameworks */ = {isa = PBXBuildFile; productRef = 32DDD7252BB51EBD00827EAA /* Eureka */; };
		32DDD7282BB520B300827EAA /* ReserveVC.swift in Sources */ = {isa = PBXBuildFile; fileRef = 32DDD7272BB520B300827EAA /* ReserveVC.swift */; };
		C7045F302B884B8B0033D7C7 /* Lottie in Frameworks */ = {isa = PBXBuildFile; productRef = C7045F2F2B884B8B0033D7C7 /* Lottie */; };
/* End PBXBuildFile section */

/* Begin PBXContainerItemProxy section */
		2221F7FC2B83F4300056A1E2 /* PBXContainerItemProxy */ = {
			isa = PBXContainerItemProxy;
			containerPortal = 2221F7DD2B83F42F0056A1E2 /* Project object */;
			proxyType = 1;
			remoteGlobalIDString = 2221F7E42B83F42F0056A1E2;
			remoteInfo = "SHA-STORY";
		};
		2221F8062B83F4300056A1E2 /* PBXContainerItemProxy */ = {
			isa = PBXContainerItemProxy;
			containerPortal = 2221F7DD2B83F42F0056A1E2 /* Project object */;
			proxyType = 1;
			remoteGlobalIDString = 2221F7E42B83F42F0056A1E2;
			remoteInfo = "SHA-STORY";
		};
/* End PBXContainerItemProxy section */

/* Begin PBXFileReference section */
		2221F7E52B83F42F0056A1E2 /* SHA-STORY.app */ = {isa = PBXFileReference; explicitFileType = wrapper.application; includeInIndex = 0; path = "SHA-STORY.app"; sourceTree = BUILT_PRODUCTS_DIR; };
		2221F7E82B83F42F0056A1E2 /* AppDelegate.swift */ = {isa = PBXFileReference; lastKnownFileType = sourcecode.swift; path = AppDelegate.swift; sourceTree = "<group>"; };
		2221F7EA2B83F42F0056A1E2 /* SceneDelegate.swift */ = {isa = PBXFileReference; lastKnownFileType = sourcecode.swift; path = SceneDelegate.swift; sourceTree = "<group>"; };
		2221F7EC2B83F42F0056A1E2 /* SHA_STORY.swift */ = {isa = PBXFileReference; lastKnownFileType = sourcecode.swift; path = SHA_STORY.swift; sourceTree = "<group>"; };
		2221F7EF2B83F42F0056A1E2 /* Base */ = {isa = PBXFileReference; lastKnownFileType = file.storyboard; name = Base; path = Base.lproj/Main.storyboard; sourceTree = "<group>"; };
		2221F7F12B83F4300056A1E2 /* Assets.xcassets */ = {isa = PBXFileReference; lastKnownFileType = folder.assetcatalog; path = Assets.xcassets; sourceTree = "<group>"; };
		2221F7F42B83F4300056A1E2 /* Base */ = {isa = PBXFileReference; lastKnownFileType = file.storyboard; name = Base; path = Base.lproj/LaunchScreen.storyboard; sourceTree = "<group>"; };
		2221F7F62B83F4300056A1E2 /* Info.plist */ = {isa = PBXFileReference; lastKnownFileType = text.plist.xml; path = Info.plist; sourceTree = "<group>"; };
		2221F7FB2B83F4300056A1E2 /* SHA-STORYTests.xctest */ = {isa = PBXFileReference; explicitFileType = wrapper.cfbundle; includeInIndex = 0; path = "SHA-STORYTests.xctest"; sourceTree = BUILT_PRODUCTS_DIR; };
		2221F7FF2B83F4300056A1E2 /* SHA_STORYTests.swift */ = {isa = PBXFileReference; lastKnownFileType = sourcecode.swift; path = SHA_STORYTests.swift; sourceTree = "<group>"; };
		2221F8052B83F4300056A1E2 /* SHA-STORYUITests.xctest */ = {isa = PBXFileReference; explicitFileType = wrapper.cfbundle; includeInIndex = 0; path = "SHA-STORYUITests.xctest"; sourceTree = BUILT_PRODUCTS_DIR; };
		2221F8092B83F4300056A1E2 /* SHA_STORYUITests.swift */ = {isa = PBXFileReference; lastKnownFileType = sourcecode.swift; path = SHA_STORYUITests.swift; sourceTree = "<group>"; };
		2221F80B2B83F4300056A1E2 /* SHA_STORYUITestsLaunchTests.swift */ = {isa = PBXFileReference; lastKnownFileType = sourcecode.swift; path = SHA_STORYUITestsLaunchTests.swift; sourceTree = "<group>"; };
		2C0C436A2BC986260069D6D8 /* TableBookingVC.swift */ = {isa = PBXFileReference; lastKnownFileType = sourcecode.swift; path = TableBookingVC.swift; sourceTree = "<group>"; };
		320BC7262BC7B728000626DD /* LoginVC.swift */ = {isa = PBXFileReference; lastKnownFileType = sourcecode.swift; path = LoginVC.swift; sourceTree = "<group>"; };
		320BC7282BCA09F1000626DD /* Restaurant.dae */ = {isa = PBXFileReference; fileEncoding = 4; lastKnownFileType = text.xml.dae; path = Restaurant.dae; sourceTree = "<group>"; };
		325DC75F2BCF15A400D09805 /* FoodCategoryCell.swift */ = {isa = PBXFileReference; lastKnownFileType = sourcecode.swift; path = FoodCategoryCell.swift; sourceTree = "<group>"; };
		325DC7632BD0C59800D09805 /* FoodItemModel.swift */ = {isa = PBXFileReference; lastKnownFileType = sourcecode.swift; path = FoodItemModel.swift; sourceTree = "<group>"; };
		325DC76A2BD0F33500D09805 /* headerCell.swift */ = {isa = PBXFileReference; lastKnownFileType = sourcecode.swift; path = headerCell.swift; sourceTree = "<group>"; };
		325DC76C2BD1709100D09805 /* FoodItemDetailVC.swift */ = {isa = PBXFileReference; lastKnownFileType = sourcecode.swift; path = FoodItemDetailVC.swift; sourceTree = "<group>"; };
		328D840B2BCB2400003E1B87 /* restaurantLayout2.usdz */ = {isa = PBXFileReference; lastKnownFileType = file.usdz; path = restaurantLayout2.usdz; sourceTree = "<group>"; };
		328D840D2BCB2637003E1B87 /* cafe_interior.usdz */ = {isa = PBXFileReference; lastKnownFileType = file.usdz; path = cafe_interior.usdz; sourceTree = "<group>"; };
		328D840F2BCB2795003E1B87 /* restaurant3.usdz */ = {isa = PBXFileReference; lastKnownFileType = file.usdz; path = restaurant3.usdz; sourceTree = "<group>"; };
		328D84142BCB8454003E1B87 /* HomeVC.swift */ = {isa = PBXFileReference; lastKnownFileType = sourcecode.swift; path = HomeVC.swift; sourceTree = "<group>"; };
		328D84162BCC793F003E1B87 /* RegistrationVC.swift */ = {isa = PBXFileReference; lastKnownFileType = sourcecode.swift; path = RegistrationVC.swift; sourceTree = "<group>"; };
		32B7D12B2BCA211F00A9F2E2 /* Market_Table.usdz */ = {isa = PBXFileReference; lastKnownFileType = file.usdz; path = Market_Table.usdz; sourceTree = "<group>"; };
		32B7D12D2BCA222600A9F2E2 /* room.usdz */ = {isa = PBXFileReference; lastKnownFileType = file.usdz; path = room.usdz; sourceTree = "<group>"; };
		32C006BC2B9BCB3A0037AD31 /* GoogleService-Info.plist */ = {isa = PBXFileReference; fileEncoding = 4; lastKnownFileType = text.plist.xml; path = "GoogleService-Info.plist"; sourceTree = "<group>"; };
		32DDD7272BB520B300827EAA /* ReserveVC.swift */ = {isa = PBXFileReference; lastKnownFileType = sourcecode.swift; path = ReserveVC.swift; sourceTree = "<group>"; };
/* End PBXFileReference section */

/* Begin PBXFrameworksBuildPhase section */
		2221F7E22B83F42F0056A1E2 /* Frameworks */ = {
			isa = PBXFrameworksBuildPhase;
			buildActionMask = 2147483647;
			files = (
				325DC74E2BCC98CB00D09805 /* FirebaseInAppMessagingSwift-Beta in Frameworks */,
				325DC73E2BCC98CB00D09805 /* FirebaseDatabaseSwift in Frameworks */,
				325DC73C2BCC98CB00D09805 /* FirebaseDatabase in Frameworks */,
				325DC7522BCC98CB00D09805 /* FirebaseMLModelDownloader in Frameworks */,
				325DC7322BCC98CB00D09805 /* FirebaseAppCheck in Frameworks */,
				325DC74A2BCC98CB00D09805 /* FirebaseFunctionsCombine-Community in Frameworks */,
				325DC7502BCC98CB00D09805 /* FirebaseInstallations in Frameworks */,
				325DC7542BCC98CB00D09805 /* FirebaseMessaging in Frameworks */,
				325DC7362BCC98CB00D09805 /* FirebaseAuth in Frameworks */,
				325DC7582BCC98CB00D09805 /* FirebaseRemoteConfig in Frameworks */,
				325DC72E2BCC98CB00D09805 /* FirebaseAnalyticsSwift in Frameworks */,
				325DC75C2BCC98CB00D09805 /* FirebaseStorage in Frameworks */,
				325DC7562BCC98CB00D09805 /* FirebasePerformance in Frameworks */,
				325DC7422BCC98CB00D09805 /* FirebaseFirestore in Frameworks */,
				325DC7692BD0EE4C00D09805 /* SDWebImageMapKit in Frameworks */,
				320594F92B87042E00650A92 /* AnimatedGradientView in Frameworks */,
				325DC74C2BCC98CB00D09805 /* FirebaseInAppMessaging-Beta in Frameworks */,
				C7045F302B884B8B0033D7C7 /* Lottie in Frameworks */,
				325DC72C2BCC98CB00D09805 /* FirebaseAnalyticsOnDeviceConversion in Frameworks */,
				325DC75A2BCC98CB00D09805 /* FirebaseRemoteConfigSwift in Frameworks */,
				325DC7382BCC98CB00D09805 /* FirebaseAuthCombine-Community in Frameworks */,
				325DC7482BCC98CB00D09805 /* FirebaseFunctions in Frameworks */,
				325DC7302BCC98CB00D09805 /* FirebaseAnalyticsWithoutAdIdSupport in Frameworks */,
				325DC75E2BCC98CB00D09805 /* FirebaseStorageCombine-Community in Frameworks */,
				325DC7672BD0EE4C00D09805 /* SDWebImage in Frameworks */,
				325DC7442BCC98CB00D09805 /* FirebaseFirestoreCombine-Community in Frameworks */,
				325DC72A2BCC98CB00D09805 /* FirebaseAnalytics in Frameworks */,
				325DC73A2BCC98CB00D09805 /* FirebaseCrashlytics in Frameworks */,
				32DDD7262BB51EBD00827EAA /* Eureka in Frameworks */,
				325DC7342BCC98CB00D09805 /* FirebaseAppDistribution-Beta in Frameworks */,
				325DC7402BCC98CB00D09805 /* FirebaseDynamicLinks in Frameworks */,
				325DC7462BCC98CB00D09805 /* FirebaseFirestoreSwift in Frameworks */,
			);
			runOnlyForDeploymentPostprocessing = 0;
		};
		2221F7F82B83F4300056A1E2 /* Frameworks */ = {
			isa = PBXFrameworksBuildPhase;
			buildActionMask = 2147483647;
			files = (
			);
			runOnlyForDeploymentPostprocessing = 0;
		};
		2221F8022B83F4300056A1E2 /* Frameworks */ = {
			isa = PBXFrameworksBuildPhase;
			buildActionMask = 2147483647;
			files = (
			);
			runOnlyForDeploymentPostprocessing = 0;
		};
/* End PBXFrameworksBuildPhase section */

/* Begin PBXGroup section */
		2221F7DC2B83F42F0056A1E2 = {
			isa = PBXGroup;
			children = (
				2221F7E72B83F42F0056A1E2 /* SHA-STORY */,
				2221F7FE2B83F4300056A1E2 /* SHA-STORYTests */,
				2221F8082B83F4300056A1E2 /* SHA-STORYUITests */,
				2221F7E62B83F42F0056A1E2 /* Products */,
				32C006B22B9BC6680037AD31 /* Frameworks */,
			);
			sourceTree = "<group>";
		};
		2221F7E62B83F42F0056A1E2 /* Products */ = {
			isa = PBXGroup;
			children = (
				2221F7E52B83F42F0056A1E2 /* SHA-STORY.app */,
				2221F7FB2B83F4300056A1E2 /* SHA-STORYTests.xctest */,
				2221F8052B83F4300056A1E2 /* SHA-STORYUITests.xctest */,
			);
			name = Products;
			sourceTree = "<group>";
		};
		2221F7E72B83F42F0056A1E2 /* SHA-STORY */ = {
			isa = PBXGroup;
			children = (
				328D84112BCB82B1003E1B87 /* ViewController */,
				32C006B92B9BC7A10037AD31 /* SupportingFiles */,
				2221F7EC2B83F42F0056A1E2 /* SHA_STORY.swift */,
				2221F7EE2B83F42F0056A1E2 /* Main.storyboard */,
				2221F7F12B83F4300056A1E2 /* Assets.xcassets */,
				2221F7F32B83F4300056A1E2 /* LaunchScreen.storyboard */,
				2221F7F62B83F4300056A1E2 /* Info.plist */,
				320BC7282BCA09F1000626DD /* Restaurant.dae */,
				32B7D12D2BCA222600A9F2E2 /* room.usdz */,
				32B7D12B2BCA211F00A9F2E2 /* Market_Table.usdz */,
				328D840D2BCB2637003E1B87 /* cafe_interior.usdz */,
				328D840B2BCB2400003E1B87 /* restaurantLayout2.usdz */,
				328D840F2BCB2795003E1B87 /* restaurant3.usdz */,
				325DC75F2BCF15A400D09805 /* FoodCategoryCell.swift */,
				325DC7632BD0C59800D09805 /* FoodItemModel.swift */,
				325DC76A2BD0F33500D09805 /* headerCell.swift */,
			);
			path = "SHA-STORY";
			sourceTree = "<group>";
		};
		2221F7FE2B83F4300056A1E2 /* SHA-STORYTests */ = {
			isa = PBXGroup;
			children = (
				2221F7FF2B83F4300056A1E2 /* SHA_STORYTests.swift */,
			);
			path = "SHA-STORYTests";
			sourceTree = "<group>";
		};
		2221F8082B83F4300056A1E2 /* SHA-STORYUITests */ = {
			isa = PBXGroup;
			children = (
				2221F8092B83F4300056A1E2 /* SHA_STORYUITests.swift */,
				2221F80B2B83F4300056A1E2 /* SHA_STORYUITestsLaunchTests.swift */,
			);
			path = "SHA-STORYUITests";
			sourceTree = "<group>";
		};
		328D84112BCB82B1003E1B87 /* ViewController */ = {
			isa = PBXGroup;
			children = (
				320BC7262BC7B728000626DD /* LoginVC.swift */,
				32DDD7272BB520B300827EAA /* ReserveVC.swift */,
				2C0C436A2BC986260069D6D8 /* TableBookingVC.swift */,
				328D84142BCB8454003E1B87 /* HomeVC.swift */,
				328D84162BCC793F003E1B87 /* RegistrationVC.swift */,
				325DC76C2BD1709100D09805 /* FoodItemDetailVC.swift */,
			);
			path = ViewController;
			sourceTree = "<group>";
		};
		32C006B22B9BC6680037AD31 /* Frameworks */ = {
			isa = PBXGroup;
			children = (
			);
			name = Frameworks;
			sourceTree = "<group>";
		};
		32C006B92B9BC7A10037AD31 /* SupportingFiles */ = {
			isa = PBXGroup;
			children = (
				2221F7E82B83F42F0056A1E2 /* AppDelegate.swift */,
				2221F7EA2B83F42F0056A1E2 /* SceneDelegate.swift */,
				32C006BC2B9BCB3A0037AD31 /* GoogleService-Info.plist */,
			);
			path = SupportingFiles;
			sourceTree = "<group>";
		};
/* End PBXGroup section */

/* Begin PBXNativeTarget section */
		2221F7E42B83F42F0056A1E2 /* SHA-STORY */ = {
			isa = PBXNativeTarget;
			buildConfigurationList = 2221F80F2B83F4300056A1E2 /* Build configuration list for PBXNativeTarget "SHA-STORY" */;
			buildPhases = (
				2221F7E12B83F42F0056A1E2 /* Sources */,
				2221F7E22B83F42F0056A1E2 /* Frameworks */,
				2221F7E32B83F42F0056A1E2 /* Resources */,
			);
			buildRules = (
			);
			dependencies = (
			);
			name = "SHA-STORY";
			packageProductDependencies = (
				320594F82B87042E00650A92 /* AnimatedGradientView */,
				C7045F2F2B884B8B0033D7C7 /* Lottie */,
				32DDD7252BB51EBD00827EAA /* Eureka */,
				325DC7292BCC98CB00D09805 /* FirebaseAnalytics */,
				325DC72B2BCC98CB00D09805 /* FirebaseAnalyticsOnDeviceConversion */,
				325DC72D2BCC98CB00D09805 /* FirebaseAnalyticsSwift */,
				325DC72F2BCC98CB00D09805 /* FirebaseAnalyticsWithoutAdIdSupport */,
				325DC7312BCC98CB00D09805 /* FirebaseAppCheck */,
				325DC7332BCC98CB00D09805 /* FirebaseAppDistribution-Beta */,
				325DC7352BCC98CB00D09805 /* FirebaseAuth */,
				325DC7372BCC98CB00D09805 /* FirebaseAuthCombine-Community */,
				325DC7392BCC98CB00D09805 /* FirebaseCrashlytics */,
				325DC73B2BCC98CB00D09805 /* FirebaseDatabase */,
				325DC73D2BCC98CB00D09805 /* FirebaseDatabaseSwift */,
				325DC73F2BCC98CB00D09805 /* FirebaseDynamicLinks */,
				325DC7412BCC98CB00D09805 /* FirebaseFirestore */,
				325DC7432BCC98CB00D09805 /* FirebaseFirestoreCombine-Community */,
				325DC7452BCC98CB00D09805 /* FirebaseFirestoreSwift */,
				325DC7472BCC98CB00D09805 /* FirebaseFunctions */,
				325DC7492BCC98CB00D09805 /* FirebaseFunctionsCombine-Community */,
				325DC74B2BCC98CB00D09805 /* FirebaseInAppMessaging-Beta */,
				325DC74D2BCC98CB00D09805 /* FirebaseInAppMessagingSwift-Beta */,
				325DC74F2BCC98CB00D09805 /* FirebaseInstallations */,
				325DC7512BCC98CB00D09805 /* FirebaseMLModelDownloader */,
				325DC7532BCC98CB00D09805 /* FirebaseMessaging */,
				325DC7552BCC98CB00D09805 /* FirebasePerformance */,
				325DC7572BCC98CB00D09805 /* FirebaseRemoteConfig */,
				325DC7592BCC98CB00D09805 /* FirebaseRemoteConfigSwift */,
				325DC75B2BCC98CB00D09805 /* FirebaseStorage */,
				325DC75D2BCC98CB00D09805 /* FirebaseStorageCombine-Community */,
				325DC7662BD0EE4C00D09805 /* SDWebImage */,
				325DC7682BD0EE4C00D09805 /* SDWebImageMapKit */,
			);
			productName = "SHA-STORY";
			productReference = 2221F7E52B83F42F0056A1E2 /* SHA-STORY.app */;
			productType = "com.apple.product-type.application";
		};
		2221F7FA2B83F4300056A1E2 /* SHA-STORYTests */ = {
			isa = PBXNativeTarget;
			buildConfigurationList = 2221F8122B83F4300056A1E2 /* Build configuration list for PBXNativeTarget "SHA-STORYTests" */;
			buildPhases = (
				2221F7F72B83F4300056A1E2 /* Sources */,
				2221F7F82B83F4300056A1E2 /* Frameworks */,
				2221F7F92B83F4300056A1E2 /* Resources */,
			);
			buildRules = (
			);
			dependencies = (
				2221F7FD2B83F4300056A1E2 /* PBXTargetDependency */,
			);
			name = "SHA-STORYTests";
			productName = "SHA-STORYTests";
			productReference = 2221F7FB2B83F4300056A1E2 /* SHA-STORYTests.xctest */;
			productType = "com.apple.product-type.bundle.unit-test";
		};
		2221F8042B83F4300056A1E2 /* SHA-STORYUITests */ = {
			isa = PBXNativeTarget;
			buildConfigurationList = 2221F8152B83F4300056A1E2 /* Build configuration list for PBXNativeTarget "SHA-STORYUITests" */;
			buildPhases = (
				2221F8012B83F4300056A1E2 /* Sources */,
				2221F8022B83F4300056A1E2 /* Frameworks */,
				2221F8032B83F4300056A1E2 /* Resources */,
			);
			buildRules = (
			);
			dependencies = (
				2221F8072B83F4300056A1E2 /* PBXTargetDependency */,
			);
			name = "SHA-STORYUITests";
			productName = "SHA-STORYUITests";
			productReference = 2221F8052B83F4300056A1E2 /* SHA-STORYUITests.xctest */;
			productType = "com.apple.product-type.bundle.ui-testing";
		};
/* End PBXNativeTarget section */

/* Begin PBXProject section */
		2221F7DD2B83F42F0056A1E2 /* Project object */ = {
			isa = PBXProject;
			attributes = {
				BuildIndependentTargetsInParallel = 1;
				LastSwiftUpdateCheck = 1520;
				LastUpgradeCheck = 1520;
				TargetAttributes = {
					2221F7E42B83F42F0056A1E2 = {
						CreatedOnToolsVersion = 15.2;
					};
					2221F7FA2B83F4300056A1E2 = {
						CreatedOnToolsVersion = 15.2;
						TestTargetID = 2221F7E42B83F42F0056A1E2;
					};
					2221F8042B83F4300056A1E2 = {
						CreatedOnToolsVersion = 15.2;
						TestTargetID = 2221F7E42B83F42F0056A1E2;
					};
				};
			};
			buildConfigurationList = 2221F7E02B83F42F0056A1E2 /* Build configuration list for PBXProject "SHA-STORY" */;
			compatibilityVersion = "Xcode 14.0";
			developmentRegion = en;
			hasScannedForEncodings = 0;
			knownRegions = (
				en,
				Base,
			);
			mainGroup = 2221F7DC2B83F42F0056A1E2;
			packageReferences = (
				320594F72B87042E00650A92 /* XCRemoteSwiftPackageReference "AnimatedGradientView" */,
				C7045F2E2B884B8B0033D7C7 /* XCRemoteSwiftPackageReference "lottie-ios" */,
				32DDD7242BB51EBD00827EAA /* XCRemoteSwiftPackageReference "Eureka" */,
				325DC7282BCC98CB00D09805 /* XCRemoteSwiftPackageReference "firebase-ios-sdk" */,
				325DC7652BD0EE4C00D09805 /* XCRemoteSwiftPackageReference "SDWebImage" */,
			);
			productRefGroup = 2221F7E62B83F42F0056A1E2 /* Products */;
			projectDirPath = "";
			projectRoot = "";
			targets = (
				2221F7E42B83F42F0056A1E2 /* SHA-STORY */,
				2221F7FA2B83F4300056A1E2 /* SHA-STORYTests */,
				2221F8042B83F4300056A1E2 /* SHA-STORYUITests */,
			);
		};
/* End PBXProject section */

/* Begin PBXResourcesBuildPhase section */
		2221F7E32B83F42F0056A1E2 /* Resources */ = {
			isa = PBXResourcesBuildPhase;
			buildActionMask = 2147483647;
			files = (
				320BC7292BCA09F1000626DD /* Restaurant.dae in Resources */,
				328D840E2BCB2638003E1B87 /* cafe_interior.usdz in Resources */,
				328D84102BCB2795003E1B87 /* restaurant3.usdz in Resources */,
				2221F7F52B83F4300056A1E2 /* LaunchScreen.storyboard in Resources */,
				32C006BD2B9BCB3A0037AD31 /* GoogleService-Info.plist in Resources */,
				2221F7F22B83F4300056A1E2 /* Assets.xcassets in Resources */,
				2221F7F02B83F42F0056A1E2 /* Main.storyboard in Resources */,
				32B7D12E2BCA222600A9F2E2 /* room.usdz in Resources */,
				32B7D12C2BCA211F00A9F2E2 /* Market_Table.usdz in Resources */,
				328D840C2BCB2400003E1B87 /* restaurantLayout2.usdz in Resources */,
			);
			runOnlyForDeploymentPostprocessing = 0;
		};
		2221F7F92B83F4300056A1E2 /* Resources */ = {
			isa = PBXResourcesBuildPhase;
			buildActionMask = 2147483647;
			files = (
			);
			runOnlyForDeploymentPostprocessing = 0;
		};
		2221F8032B83F4300056A1E2 /* Resources */ = {
			isa = PBXResourcesBuildPhase;
			buildActionMask = 2147483647;
			files = (
			);
			runOnlyForDeploymentPostprocessing = 0;
		};
/* End PBXResourcesBuildPhase section */

/* Begin PBXSourcesBuildPhase section */
		2221F7E12B83F42F0056A1E2 /* Sources */ = {
			isa = PBXSourcesBuildPhase;
			buildActionMask = 2147483647;
			files = (
				2221F7ED2B83F42F0056A1E2 /* SHA_STORY.swift in Sources */,
				2221F7E92B83F42F0056A1E2 /* AppDelegate.swift in Sources */,
				328D84152BCB8454003E1B87 /* HomeVC.swift in Sources */,
				325DC76B2BD0F33500D09805 /* headerCell.swift in Sources */,
				325DC7612BCF15A400D09805 /* FoodCategoryCell.swift in Sources */,
				328D84172BCC793F003E1B87 /* RegistrationVC.swift in Sources */,
				320BC7272BC7B728000626DD /* LoginVC.swift in Sources */,
				325DC7642BD0C59800D09805 /* FoodItemModel.swift in Sources */,
				325DC76D2BD1709100D09805 /* FoodItemDetailVC.swift in Sources */,
				2221F7EB2B83F42F0056A1E2 /* SceneDelegate.swift in Sources */,
				2C0C436B2BC986260069D6D8 /* TableBookingVC.swift in Sources */,
				32DDD7282BB520B300827EAA /* ReserveVC.swift in Sources */,
			);
			runOnlyForDeploymentPostprocessing = 0;
		};
		2221F7F72B83F4300056A1E2 /* Sources */ = {
			isa = PBXSourcesBuildPhase;
			buildActionMask = 2147483647;
			files = (
				2221F8002B83F4300056A1E2 /* SHA_STORYTests.swift in Sources */,
			);
			runOnlyForDeploymentPostprocessing = 0;
		};
		2221F8012B83F4300056A1E2 /* Sources */ = {
			isa = PBXSourcesBuildPhase;
			buildActionMask = 2147483647;
			files = (
				2221F80A2B83F4300056A1E2 /* SHA_STORYUITests.swift in Sources */,
				2221F80C2B83F4300056A1E2 /* SHA_STORYUITestsLaunchTests.swift in Sources */,
			);
			runOnlyForDeploymentPostprocessing = 0;
		};
/* End PBXSourcesBuildPhase section */

/* Begin PBXTargetDependency section */
		2221F7FD2B83F4300056A1E2 /* PBXTargetDependency */ = {
			isa = PBXTargetDependency;
			target = 2221F7E42B83F42F0056A1E2 /* SHA-STORY */;
			targetProxy = 2221F7FC2B83F4300056A1E2 /* PBXContainerItemProxy */;
		};
		2221F8072B83F4300056A1E2 /* PBXTargetDependency */ = {
			isa = PBXTargetDependency;
			target = 2221F7E42B83F42F0056A1E2 /* SHA-STORY */;
			targetProxy = 2221F8062B83F4300056A1E2 /* PBXContainerItemProxy */;
		};
/* End PBXTargetDependency section */

/* Begin PBXVariantGroup section */
		2221F7EE2B83F42F0056A1E2 /* Main.storyboard */ = {
			isa = PBXVariantGroup;
			children = (
				2221F7EF2B83F42F0056A1E2 /* Base */,
			);
			name = Main.storyboard;
			sourceTree = "<group>";
		};
		2221F7F32B83F4300056A1E2 /* LaunchScreen.storyboard */ = {
			isa = PBXVariantGroup;
			children = (
				2221F7F42B83F4300056A1E2 /* Base */,
			);
			name = LaunchScreen.storyboard;
			sourceTree = "<group>";
		};
/* End PBXVariantGroup section */

/* Begin XCBuildConfiguration section */
		2221F80D2B83F4300056A1E2 /* Debug */ = {
			isa = XCBuildConfiguration;
			buildSettings = {
				ALWAYS_SEARCH_USER_PATHS = NO;
				ASSETCATALOG_COMPILER_GENERATE_SWIFT_ASSET_SYMBOL_EXTENSIONS = YES;
				CLANG_ANALYZER_NONNULL = YES;
				CLANG_ANALYZER_NUMBER_OBJECT_CONVERSION = YES_AGGRESSIVE;
				CLANG_CXX_LANGUAGE_STANDARD = "gnu++20";
				CLANG_ENABLE_MODULES = YES;
				CLANG_ENABLE_OBJC_ARC = YES;
				CLANG_ENABLE_OBJC_WEAK = YES;
				CLANG_WARN_BLOCK_CAPTURE_AUTORELEASING = YES;
				CLANG_WARN_BOOL_CONVERSION = YES;
				CLANG_WARN_COMMA = YES;
				CLANG_WARN_CONSTANT_CONVERSION = YES;
				CLANG_WARN_DEPRECATED_OBJC_IMPLEMENTATIONS = YES;
				CLANG_WARN_DIRECT_OBJC_ISA_USAGE = YES_ERROR;
				CLANG_WARN_DOCUMENTATION_COMMENTS = YES;
				CLANG_WARN_EMPTY_BODY = YES;
				CLANG_WARN_ENUM_CONVERSION = YES;
				CLANG_WARN_INFINITE_RECURSION = YES;
				CLANG_WARN_INT_CONVERSION = YES;
				CLANG_WARN_NON_LITERAL_NULL_CONVERSION = YES;
				CLANG_WARN_OBJC_IMPLICIT_RETAIN_SELF = YES;
				CLANG_WARN_OBJC_LITERAL_CONVERSION = YES;
				CLANG_WARN_OBJC_ROOT_CLASS = YES_ERROR;
				CLANG_WARN_QUOTED_INCLUDE_IN_FRAMEWORK_HEADER = YES;
				CLANG_WARN_RANGE_LOOP_ANALYSIS = YES;
				CLANG_WARN_STRICT_PROTOTYPES = YES;
				CLANG_WARN_SUSPICIOUS_MOVE = YES;
				CLANG_WARN_UNGUARDED_AVAILABILITY = YES_AGGRESSIVE;
				CLANG_WARN_UNREACHABLE_CODE = YES;
				CLANG_WARN__DUPLICATE_METHOD_MATCH = YES;
				COPY_PHASE_STRIP = NO;
				DEBUG_INFORMATION_FORMAT = dwarf;
				ENABLE_STRICT_OBJC_MSGSEND = YES;
				ENABLE_TESTABILITY = YES;
				ENABLE_USER_SCRIPT_SANDBOXING = YES;
				GCC_C_LANGUAGE_STANDARD = gnu17;
				GCC_DYNAMIC_NO_PIC = NO;
				GCC_NO_COMMON_BLOCKS = YES;
				GCC_OPTIMIZATION_LEVEL = 0;
				GCC_PREPROCESSOR_DEFINITIONS = (
					"DEBUG=1",
					"$(inherited)",
				);
				GCC_WARN_64_TO_32_BIT_CONVERSION = YES;
				GCC_WARN_ABOUT_RETURN_TYPE = YES_ERROR;
				GCC_WARN_UNDECLARED_SELECTOR = YES;
				GCC_WARN_UNINITIALIZED_AUTOS = YES_AGGRESSIVE;
				GCC_WARN_UNUSED_FUNCTION = YES;
				GCC_WARN_UNUSED_VARIABLE = YES;
				IPHONEOS_DEPLOYMENT_TARGET = 17.2;
				LOCALIZATION_PREFERS_STRING_CATALOGS = YES;
				MTL_ENABLE_DEBUG_INFO = INCLUDE_SOURCE;
				MTL_FAST_MATH = YES;
				ONLY_ACTIVE_ARCH = YES;
				SDKROOT = iphoneos;
				SWIFT_ACTIVE_COMPILATION_CONDITIONS = "DEBUG $(inherited)";
				SWIFT_OPTIMIZATION_LEVEL = "-Onone";
			};
			name = Debug;
		};
		2221F80E2B83F4300056A1E2 /* Release */ = {
			isa = XCBuildConfiguration;
			buildSettings = {
				ALWAYS_SEARCH_USER_PATHS = NO;
				ASSETCATALOG_COMPILER_GENERATE_SWIFT_ASSET_SYMBOL_EXTENSIONS = YES;
				CLANG_ANALYZER_NONNULL = YES;
				CLANG_ANALYZER_NUMBER_OBJECT_CONVERSION = YES_AGGRESSIVE;
				CLANG_CXX_LANGUAGE_STANDARD = "gnu++20";
				CLANG_ENABLE_MODULES = YES;
				CLANG_ENABLE_OBJC_ARC = YES;
				CLANG_ENABLE_OBJC_WEAK = YES;
				CLANG_WARN_BLOCK_CAPTURE_AUTORELEASING = YES;
				CLANG_WARN_BOOL_CONVERSION = YES;
				CLANG_WARN_COMMA = YES;
				CLANG_WARN_CONSTANT_CONVERSION = YES;
				CLANG_WARN_DEPRECATED_OBJC_IMPLEMENTATIONS = YES;
				CLANG_WARN_DIRECT_OBJC_ISA_USAGE = YES_ERROR;
				CLANG_WARN_DOCUMENTATION_COMMENTS = YES;
				CLANG_WARN_EMPTY_BODY = YES;
				CLANG_WARN_ENUM_CONVERSION = YES;
				CLANG_WARN_INFINITE_RECURSION = YES;
				CLANG_WARN_INT_CONVERSION = YES;
				CLANG_WARN_NON_LITERAL_NULL_CONVERSION = YES;
				CLANG_WARN_OBJC_IMPLICIT_RETAIN_SELF = YES;
				CLANG_WARN_OBJC_LITERAL_CONVERSION = YES;
				CLANG_WARN_OBJC_ROOT_CLASS = YES_ERROR;
				CLANG_WARN_QUOTED_INCLUDE_IN_FRAMEWORK_HEADER = YES;
				CLANG_WARN_RANGE_LOOP_ANALYSIS = YES;
				CLANG_WARN_STRICT_PROTOTYPES = YES;
				CLANG_WARN_SUSPICIOUS_MOVE = YES;
				CLANG_WARN_UNGUARDED_AVAILABILITY = YES_AGGRESSIVE;
				CLANG_WARN_UNREACHABLE_CODE = YES;
				CLANG_WARN__DUPLICATE_METHOD_MATCH = YES;
				COPY_PHASE_STRIP = NO;
				DEBUG_INFORMATION_FORMAT = "dwarf-with-dsym";
				ENABLE_NS_ASSERTIONS = NO;
				ENABLE_STRICT_OBJC_MSGSEND = YES;
				ENABLE_USER_SCRIPT_SANDBOXING = YES;
				GCC_C_LANGUAGE_STANDARD = gnu17;
				GCC_NO_COMMON_BLOCKS = YES;
				GCC_WARN_64_TO_32_BIT_CONVERSION = YES;
				GCC_WARN_ABOUT_RETURN_TYPE = YES_ERROR;
				GCC_WARN_UNDECLARED_SELECTOR = YES;
				GCC_WARN_UNINITIALIZED_AUTOS = YES_AGGRESSIVE;
				GCC_WARN_UNUSED_FUNCTION = YES;
				GCC_WARN_UNUSED_VARIABLE = YES;
				IPHONEOS_DEPLOYMENT_TARGET = 17.2;
				LOCALIZATION_PREFERS_STRING_CATALOGS = YES;
				MTL_ENABLE_DEBUG_INFO = NO;
				MTL_FAST_MATH = YES;
				SDKROOT = iphoneos;
				SWIFT_COMPILATION_MODE = wholemodule;
				VALIDATE_PRODUCT = YES;
			};
			name = Release;
		};
		2221F8102B83F4300056A1E2 /* Debug */ = {
			isa = XCBuildConfiguration;
			buildSettings = {
				ASSETCATALOG_COMPILER_APPICON_NAME = AppIcon;
				ASSETCATALOG_COMPILER_GLOBAL_ACCENT_COLOR_NAME = AccentColor;
				CODE_SIGN_STYLE = Automatic;
				CURRENT_PROJECT_VERSION = 1;
				GENERATE_INFOPLIST_FILE = YES;
				INFOPLIST_FILE = "SHA-STORY/Info.plist";
				INFOPLIST_KEY_UIApplicationSupportsIndirectInputEvents = YES;
				INFOPLIST_KEY_UILaunchStoryboardName = LaunchScreen;
				INFOPLIST_KEY_UIMainStoryboardFile = Main;
				INFOPLIST_KEY_UISupportedInterfaceOrientations_iPad = "UIInterfaceOrientationPortrait UIInterfaceOrientationPortraitUpsideDown UIInterfaceOrientationLandscapeLeft UIInterfaceOrientationLandscapeRight";
				INFOPLIST_KEY_UISupportedInterfaceOrientations_iPhone = "UIInterfaceOrientationPortrait UIInterfaceOrientationLandscapeLeft UIInterfaceOrientationLandscapeRight";
				LD_RUNPATH_SEARCH_PATHS = (
					"$(inherited)",
					"@executable_path/Frameworks",
				);
				MARKETING_VERSION = 1.0;
				PRODUCT_BUNDLE_IDENTIFIER = "edu.nwmissouri.spring24.cs44643.sec04.SHA-STORY";
				PRODUCT_NAME = "$(TARGET_NAME)";
				SWIFT_EMIT_LOC_STRINGS = YES;
				SWIFT_VERSION = 5.0;
				TARGETED_DEVICE_FAMILY = "1,2";
			};
			name = Debug;
		};
		2221F8112B83F4300056A1E2 /* Release */ = {
			isa = XCBuildConfiguration;
			buildSettings = {
				ASSETCATALOG_COMPILER_APPICON_NAME = AppIcon;
				ASSETCATALOG_COMPILER_GLOBAL_ACCENT_COLOR_NAME = AccentColor;
				CODE_SIGN_STYLE = Automatic;
				CURRENT_PROJECT_VERSION = 1;
				GENERATE_INFOPLIST_FILE = YES;
				INFOPLIST_FILE = "SHA-STORY/Info.plist";
				INFOPLIST_KEY_UIApplicationSupportsIndirectInputEvents = YES;
				INFOPLIST_KEY_UILaunchStoryboardName = LaunchScreen;
				INFOPLIST_KEY_UIMainStoryboardFile = Main;
				INFOPLIST_KEY_UISupportedInterfaceOrientations_iPad = "UIInterfaceOrientationPortrait UIInterfaceOrientationPortraitUpsideDown UIInterfaceOrientationLandscapeLeft UIInterfaceOrientationLandscapeRight";
				INFOPLIST_KEY_UISupportedInterfaceOrientations_iPhone = "UIInterfaceOrientationPortrait UIInterfaceOrientationLandscapeLeft UIInterfaceOrientationLandscapeRight";
				LD_RUNPATH_SEARCH_PATHS = (
					"$(inherited)",
					"@executable_path/Frameworks",
				);
				MARKETING_VERSION = 1.0;
				PRODUCT_BUNDLE_IDENTIFIER = "edu.nwmissouri.spring24.cs44643.sec04.SHA-STORY";
				PRODUCT_NAME = "$(TARGET_NAME)";
				SWIFT_EMIT_LOC_STRINGS = YES;
				SWIFT_VERSION = 5.0;
				TARGETED_DEVICE_FAMILY = "1,2";
			};
			name = Release;
		};
		2221F8132B83F4300056A1E2 /* Debug */ = {
			isa = XCBuildConfiguration;
			buildSettings = {
				ALWAYS_EMBED_SWIFT_STANDARD_LIBRARIES = YES;
				BUNDLE_LOADER = "$(TEST_HOST)";
				CODE_SIGN_STYLE = Automatic;
				CURRENT_PROJECT_VERSION = 1;
				GENERATE_INFOPLIST_FILE = YES;
				IPHONEOS_DEPLOYMENT_TARGET = 17.2;
				MARKETING_VERSION = 1.0;
				PRODUCT_BUNDLE_IDENTIFIER = "edu.nwmissouri.spring24.cs44643.sec04.SHA-STORYTests";
				PRODUCT_NAME = "$(TARGET_NAME)";
				SWIFT_EMIT_LOC_STRINGS = NO;
				SWIFT_VERSION = 5.0;
				TARGETED_DEVICE_FAMILY = "1,2";
				TEST_HOST = "$(BUILT_PRODUCTS_DIR)/SHA-STORY.app/$(BUNDLE_EXECUTABLE_FOLDER_PATH)/SHA-STORY";
			};
			name = Debug;
		};
		2221F8142B83F4300056A1E2 /* Release */ = {
			isa = XCBuildConfiguration;
			buildSettings = {
				ALWAYS_EMBED_SWIFT_STANDARD_LIBRARIES = YES;
				BUNDLE_LOADER = "$(TEST_HOST)";
				CODE_SIGN_STYLE = Automatic;
				CURRENT_PROJECT_VERSION = 1;
				GENERATE_INFOPLIST_FILE = YES;
				IPHONEOS_DEPLOYMENT_TARGET = 17.2;
				MARKETING_VERSION = 1.0;
				PRODUCT_BUNDLE_IDENTIFIER = "edu.nwmissouri.spring24.cs44643.sec04.SHA-STORYTests";
				PRODUCT_NAME = "$(TARGET_NAME)";
				SWIFT_EMIT_LOC_STRINGS = NO;
				SWIFT_VERSION = 5.0;
				TARGETED_DEVICE_FAMILY = "1,2";
				TEST_HOST = "$(BUILT_PRODUCTS_DIR)/SHA-STORY.app/$(BUNDLE_EXECUTABLE_FOLDER_PATH)/SHA-STORY";
			};
			name = Release;
		};
		2221F8162B83F4300056A1E2 /* Debug */ = {
			isa = XCBuildConfiguration;
			buildSettings = {
				ALWAYS_EMBED_SWIFT_STANDARD_LIBRARIES = YES;
				CODE_SIGN_STYLE = Automatic;
				CURRENT_PROJECT_VERSION = 1;
				GENERATE_INFOPLIST_FILE = YES;
				MARKETING_VERSION = 1.0;
				PRODUCT_BUNDLE_IDENTIFIER = "edu.nwmissouri.spring24.cs44643.sec04.SHA-STORYUITests";
				PRODUCT_NAME = "$(TARGET_NAME)";
				SWIFT_EMIT_LOC_STRINGS = NO;
				SWIFT_VERSION = 5.0;
				TARGETED_DEVICE_FAMILY = "1,2";
				TEST_TARGET_NAME = "SHA-STORY";
			};
			name = Debug;
		};
		2221F8172B83F4300056A1E2 /* Release */ = {
			isa = XCBuildConfiguration;
			buildSettings = {
				ALWAYS_EMBED_SWIFT_STANDARD_LIBRARIES = YES;
				CODE_SIGN_STYLE = Automatic;
				CURRENT_PROJECT_VERSION = 1;
				GENERATE_INFOPLIST_FILE = YES;
				MARKETING_VERSION = 1.0;
				PRODUCT_BUNDLE_IDENTIFIER = "edu.nwmissouri.spring24.cs44643.sec04.SHA-STORYUITests";
				PRODUCT_NAME = "$(TARGET_NAME)";
				SWIFT_EMIT_LOC_STRINGS = NO;
				SWIFT_VERSION = 5.0;
				TARGETED_DEVICE_FAMILY = "1,2";
				TEST_TARGET_NAME = "SHA-STORY";
			};
			name = Release;
		};
/* End XCBuildConfiguration section */

/* Begin XCConfigurationList section */
		2221F7E02B83F42F0056A1E2 /* Build configuration list for PBXProject "SHA-STORY" */ = {
			isa = XCConfigurationList;
			buildConfigurations = (
				2221F80D2B83F4300056A1E2 /* Debug */,
				2221F80E2B83F4300056A1E2 /* Release */,
			);
			defaultConfigurationIsVisible = 0;
			defaultConfigurationName = Release;
		};
		2221F80F2B83F4300056A1E2 /* Build configuration list for PBXNativeTarget "SHA-STORY" */ = {
			isa = XCConfigurationList;
			buildConfigurations = (
				2221F8102B83F4300056A1E2 /* Debug */,
				2221F8112B83F4300056A1E2 /* Release */,
			);
			defaultConfigurationIsVisible = 0;
			defaultConfigurationName = Release;
		};
		2221F8122B83F4300056A1E2 /* Build configuration list for PBXNativeTarget "SHA-STORYTests" */ = {
			isa = XCConfigurationList;
			buildConfigurations = (
				2221F8132B83F4300056A1E2 /* Debug */,
				2221F8142B83F4300056A1E2 /* Release */,
			);
			defaultConfigurationIsVisible = 0;
			defaultConfigurationName = Release;
		};
		2221F8152B83F4300056A1E2 /* Build configuration list for PBXNativeTarget "SHA-STORYUITests" */ = {
			isa = XCConfigurationList;
			buildConfigurations = (
				2221F8162B83F4300056A1E2 /* Debug */,
				2221F8172B83F4300056A1E2 /* Release */,
			);
			defaultConfigurationIsVisible = 0;
			defaultConfigurationName = Release;
		};
/* End XCConfigurationList section */

/* Begin XCRemoteSwiftPackageReference section */
		320594F72B87042E00650A92 /* XCRemoteSwiftPackageReference "AnimatedGradientView" */ = {
			isa = XCRemoteSwiftPackageReference;
			repositoryURL = "https://github.com/rwbutler/AnimatedGradientView.git";
			requirement = {
				kind = upToNextMajorVersion;
				minimumVersion = 3.1.1;
			};
		};
		325DC7282BCC98CB00D09805 /* XCRemoteSwiftPackageReference "firebase-ios-sdk" */ = {
			isa = XCRemoteSwiftPackageReference;
			repositoryURL = "https://github.com/firebase/firebase-ios-sdk.git";
			requirement = {
				kind = upToNextMajorVersion;
				minimumVersion = 10.24.0;
			};
		};
		325DC7652BD0EE4C00D09805 /* XCRemoteSwiftPackageReference "SDWebImage" */ = {
			isa = XCRemoteSwiftPackageReference;
			repositoryURL = "https://github.com/SDWebImage/SDWebImage.git";
			requirement = {
				kind = upToNextMajorVersion;
				minimumVersion = 5.19.1;
			};
		};
		32DDD7242BB51EBD00827EAA /* XCRemoteSwiftPackageReference "Eureka" */ = {
			isa = XCRemoteSwiftPackageReference;
			repositoryURL = "https://github.com/xmartlabs/Eureka.git";
			requirement = {
				kind = upToNextMajorVersion;
				minimumVersion = 5.4.0;
			};
		};
		C7045F2E2B884B8B0033D7C7 /* XCRemoteSwiftPackageReference "lottie-ios" */ = {
			isa = XCRemoteSwiftPackageReference;
			repositoryURL = "https://github.com/airbnb/lottie-ios.git";
			requirement = {
				kind = upToNextMajorVersion;
				minimumVersion = 4.4.1;
			};
		};
/* End XCRemoteSwiftPackageReference section */

/* Begin XCSwiftPackageProductDependency section */
		320594F82B87042E00650A92 /* AnimatedGradientView */ = {
			isa = XCSwiftPackageProductDependency;
			package = 320594F72B87042E00650A92 /* XCRemoteSwiftPackageReference "AnimatedGradientView" */;
			productName = AnimatedGradientView;
		};
		325DC7292BCC98CB00D09805 /* FirebaseAnalytics */ = {
			isa = XCSwiftPackageProductDependency;
			package = 325DC7282BCC98CB00D09805 /* XCRemoteSwiftPackageReference "firebase-ios-sdk" */;
			productName = FirebaseAnalytics;
		};
		325DC72B2BCC98CB00D09805 /* FirebaseAnalyticsOnDeviceConversion */ = {
			isa = XCSwiftPackageProductDependency;
			package = 325DC7282BCC98CB00D09805 /* XCRemoteSwiftPackageReference "firebase-ios-sdk" */;
			productName = FirebaseAnalyticsOnDeviceConversion;
		};
		325DC72D2BCC98CB00D09805 /* FirebaseAnalyticsSwift */ = {
			isa = XCSwiftPackageProductDependency;
			package = 325DC7282BCC98CB00D09805 /* XCRemoteSwiftPackageReference "firebase-ios-sdk" */;
			productName = FirebaseAnalyticsSwift;
		};
		325DC72F2BCC98CB00D09805 /* FirebaseAnalyticsWithoutAdIdSupport */ = {
			isa = XCSwiftPackageProductDependency;
			package = 325DC7282BCC98CB00D09805 /* XCRemoteSwiftPackageReference "firebase-ios-sdk" */;
			productName = FirebaseAnalyticsWithoutAdIdSupport;
		};
		325DC7312BCC98CB00D09805 /* FirebaseAppCheck */ = {
			isa = XCSwiftPackageProductDependency;
			package = 325DC7282BCC98CB00D09805 /* XCRemoteSwiftPackageReference "firebase-ios-sdk" */;
			productName = FirebaseAppCheck;
		};
		325DC7332BCC98CB00D09805 /* FirebaseAppDistribution-Beta */ = {
			isa = XCSwiftPackageProductDependency;
			package = 325DC7282BCC98CB00D09805 /* XCRemoteSwiftPackageReference "firebase-ios-sdk" */;
			productName = "FirebaseAppDistribution-Beta";
		};
		325DC7352BCC98CB00D09805 /* FirebaseAuth */ = {
			isa = XCSwiftPackageProductDependency;
			package = 325DC7282BCC98CB00D09805 /* XCRemoteSwiftPackageReference "firebase-ios-sdk" */;
			productName = FirebaseAuth;
		};
		325DC7372BCC98CB00D09805 /* FirebaseAuthCombine-Community */ = {
			isa = XCSwiftPackageProductDependency;
			package = 325DC7282BCC98CB00D09805 /* XCRemoteSwiftPackageReference "firebase-ios-sdk" */;
			productName = "FirebaseAuthCombine-Community";
		};
		325DC7392BCC98CB00D09805 /* FirebaseCrashlytics */ = {
			isa = XCSwiftPackageProductDependency;
			package = 325DC7282BCC98CB00D09805 /* XCRemoteSwiftPackageReference "firebase-ios-sdk" */;
			productName = FirebaseCrashlytics;
		};
		325DC73B2BCC98CB00D09805 /* FirebaseDatabase */ = {
			isa = XCSwiftPackageProductDependency;
			package = 325DC7282BCC98CB00D09805 /* XCRemoteSwiftPackageReference "firebase-ios-sdk" */;
			productName = FirebaseDatabase;
		};
		325DC73D2BCC98CB00D09805 /* FirebaseDatabaseSwift */ = {
			isa = XCSwiftPackageProductDependency;
			package = 325DC7282BCC98CB00D09805 /* XCRemoteSwiftPackageReference "firebase-ios-sdk" */;
			productName = FirebaseDatabaseSwift;
		};
		325DC73F2BCC98CB00D09805 /* FirebaseDynamicLinks */ = {
			isa = XCSwiftPackageProductDependency;
			package = 325DC7282BCC98CB00D09805 /* XCRemoteSwiftPackageReference "firebase-ios-sdk" */;
			productName = FirebaseDynamicLinks;
		};
		325DC7412BCC98CB00D09805 /* FirebaseFirestore */ = {
			isa = XCSwiftPackageProductDependency;
			package = 325DC7282BCC98CB00D09805 /* XCRemoteSwiftPackageReference "firebase-ios-sdk" */;
			productName = FirebaseFirestore;
		};
		325DC7432BCC98CB00D09805 /* FirebaseFirestoreCombine-Community */ = {
			isa = XCSwiftPackageProductDependency;
			package = 325DC7282BCC98CB00D09805 /* XCRemoteSwiftPackageReference "firebase-ios-sdk" */;
			productName = "FirebaseFirestoreCombine-Community";
		};
		325DC7452BCC98CB00D09805 /* FirebaseFirestoreSwift */ = {
			isa = XCSwiftPackageProductDependency;
			package = 325DC7282BCC98CB00D09805 /* XCRemoteSwiftPackageReference "firebase-ios-sdk" */;
			productName = FirebaseFirestoreSwift;
		};
		325DC7472BCC98CB00D09805 /* FirebaseFunctions */ = {
			isa = XCSwiftPackageProductDependency;
			package = 325DC7282BCC98CB00D09805 /* XCRemoteSwiftPackageReference "firebase-ios-sdk" */;
			productName = FirebaseFunctions;
		};
		325DC7492BCC98CB00D09805 /* FirebaseFunctionsCombine-Community */ = {
			isa = XCSwiftPackageProductDependency;
			package = 325DC7282BCC98CB00D09805 /* XCRemoteSwiftPackageReference "firebase-ios-sdk" */;
			productName = "FirebaseFunctionsCombine-Community";
		};
		325DC74B2BCC98CB00D09805 /* FirebaseInAppMessaging-Beta */ = {
			isa = XCSwiftPackageProductDependency;
			package = 325DC7282BCC98CB00D09805 /* XCRemoteSwiftPackageReference "firebase-ios-sdk" */;
			productName = "FirebaseInAppMessaging-Beta";
		};
		325DC74D2BCC98CB00D09805 /* FirebaseInAppMessagingSwift-Beta */ = {
			isa = XCSwiftPackageProductDependency;
			package = 325DC7282BCC98CB00D09805 /* XCRemoteSwiftPackageReference "firebase-ios-sdk" */;
			productName = "FirebaseInAppMessagingSwift-Beta";
		};
		325DC74F2BCC98CB00D09805 /* FirebaseInstallations */ = {
			isa = XCSwiftPackageProductDependency;
			package = 325DC7282BCC98CB00D09805 /* XCRemoteSwiftPackageReference "firebase-ios-sdk" */;
			productName = FirebaseInstallations;
		};
		325DC7512BCC98CB00D09805 /* FirebaseMLModelDownloader */ = {
			isa = XCSwiftPackageProductDependency;
			package = 325DC7282BCC98CB00D09805 /* XCRemoteSwiftPackageReference "firebase-ios-sdk" */;
			productName = FirebaseMLModelDownloader;
		};
		325DC7532BCC98CB00D09805 /* FirebaseMessaging */ = {
			isa = XCSwiftPackageProductDependency;
			package = 325DC7282BCC98CB00D09805 /* XCRemoteSwiftPackageReference "firebase-ios-sdk" */;
			productName = FirebaseMessaging;
		};
		325DC7552BCC98CB00D09805 /* FirebasePerformance */ = {
			isa = XCSwiftPackageProductDependency;
			package = 325DC7282BCC98CB00D09805 /* XCRemoteSwiftPackageReference "firebase-ios-sdk" */;
			productName = FirebasePerformance;
		};
		325DC7572BCC98CB00D09805 /* FirebaseRemoteConfig */ = {
			isa = XCSwiftPackageProductDependency;
			package = 325DC7282BCC98CB00D09805 /* XCRemoteSwiftPackageReference "firebase-ios-sdk" */;
			productName = FirebaseRemoteConfig;
		};
		325DC7592BCC98CB00D09805 /* FirebaseRemoteConfigSwift */ = {
			isa = XCSwiftPackageProductDependency;
			package = 325DC7282BCC98CB00D09805 /* XCRemoteSwiftPackageReference "firebase-ios-sdk" */;
			productName = FirebaseRemoteConfigSwift;
		};
		325DC75B2BCC98CB00D09805 /* FirebaseStorage */ = {
			isa = XCSwiftPackageProductDependency;
			package = 325DC7282BCC98CB00D09805 /* XCRemoteSwiftPackageReference "firebase-ios-sdk" */;
			productName = FirebaseStorage;
		};
		325DC75D2BCC98CB00D09805 /* FirebaseStorageCombine-Community */ = {
			isa = XCSwiftPackageProductDependency;
			package = 325DC7282BCC98CB00D09805 /* XCRemoteSwiftPackageReference "firebase-ios-sdk" */;
			productName = "FirebaseStorageCombine-Community";
		};
		325DC7662BD0EE4C00D09805 /* SDWebImage */ = {
			isa = XCSwiftPackageProductDependency;
			package = 325DC7652BD0EE4C00D09805 /* XCRemoteSwiftPackageReference "SDWebImage" */;
			productName = SDWebImage;
		};
		325DC7682BD0EE4C00D09805 /* SDWebImageMapKit */ = {
			isa = XCSwiftPackageProductDependency;
			package = 325DC7652BD0EE4C00D09805 /* XCRemoteSwiftPackageReference "SDWebImage" */;
			productName = SDWebImageMapKit;
		};
		32DDD7252BB51EBD00827EAA /* Eureka */ = {
			isa = XCSwiftPackageProductDependency;
			package = 32DDD7242BB51EBD00827EAA /* XCRemoteSwiftPackageReference "Eureka" */;
			productName = Eureka;
		};
		C7045F2F2B884B8B0033D7C7 /* Lottie */ = {
			isa = XCSwiftPackageProductDependency;
			package = C7045F2E2B884B8B0033D7C7 /* XCRemoteSwiftPackageReference "lottie-ios" */;
			productName = Lottie;
		};
/* End XCSwiftPackageProductDependency section */
	};
	rootObject = 2221F7DD2B83F42F0056A1E2 /* Project object */;
}
